{
  "version": "5",
  "specifiers": {
    "npm:@biomejs/biome@2.4.15": "2.4.15",
    "npm:miniprogram-api-typings@^5.2.1": "5.2.1",
    "npm:tdesign-miniprogram@^1.15.1": "1.15.1",
    "npm:typescript@^6.0.3": "6.0.3"
  },
  "npm": {
    "@biomejs/biome@2.4.15": {
      "integrity": "sha512-j5VH3a/h/HXTKBM50MDMxRCzkeLv9S2XJcW2WgnZT1+xyisi+0bISrXR82gCX+8S9lvK0skEvHJRN+3Ktr2hlw==",
      "optionalDependencies": [
        "@biomejs/cli-darwin-arm64",
        "@biomejs/cli-darwin-x64",
        "@biomejs/cli-linux-arm64",
        "@biomejs/cli-linux-arm64-musl",
        "@biomejs/cli-linux-x64",
        "@biomejs/cli-linux-x64-musl",
        "@biomejs/cli-win32-arm64",
        "@biomejs/cli-win32-x64"
      ],
      "bin": true
    },
    "@biomejs/cli-darwin-arm64@2.4.15": {
      "integrity": "sha512-rF3PPqLq1yoST79zaQbDjVJwsuIeci/O+9bgNmC5QpgOqz6aqYuzA4abyAGx+mgyiDXn4A049xAN8gijbuR1Qg==",
      "os": ["darwin"],
      "cpu": ["arm64"]
    },
    "@biomejs/cli-darwin-x64@2.4.15": {
      "integrity": "sha512-/5KHXYMfSJs1fNXiX30xFtI8JcCFV6zaVVLxOa0M2sfqBKHkpQhRTv94yxQWxeTY2lzo2OuTlNvPC+hDQt2wcQ==",
      "os": ["darwin"],
      "cpu": ["x64"]
    },
    "@biomejs/cli-linux-arm64-musl@2.4.15": {
      "integrity": "sha512-ZPcxznxm0pogHBLZhYntyR3sR+MrZjqJIKEr7ZqVen0Rl+P/4upVmfYXjftizi9RoqZntg33fv/1fbdhbYXpEQ==",
      "os": ["linux"],
      "cpu": ["arm64"]
    },
    "@biomejs/cli-linux-arm64@2.4.15": {
      "integrity": "sha512-owaAMZD/T4LrD0ELNCk0Km3qrRHuM0X6EAyVE1FSqGY0rbLoiDLrO4Us2tllm6cAeB2Ioa9C2C08NZPdr8+0Ug==",
      "os": ["linux"],
      "cpu": ["arm64"]
    },
    "@biomejs/cli-linux-x64-musl@2.4.15": {
      "integrity": "sha512-CNq/9W38SYSH023lfcQ4KKU8K0YX8T//FZUhcgtMMRABDojx5XsMV7jlweAvGSl389wJQB29Qo6Zb/a+jdvt+w==",
      "os": ["linux"],
      "cpu": ["x64"]
    },
    "@biomejs/cli-linux-x64@2.4.15": {
      "integrity": "sha512-0jj7THz12GbUOLmMibktK6DZjqz2zV64KFxyBtcFTKPiiOIY0a7vns1elpO1dERvxpsZ5ik0oFfz0oGwFde1+g==",
      "os": ["linux"],
      "cpu": ["x64"]
    },
    "@biomejs/cli-win32-arm64@2.4.15": {
      "integrity": "sha512-ouhkYdlhp/1GghEJPdWwD/Vi3gQ1nFxuSpMolWsbq3Lsq3QUR4jl6UdhhscdCugKU5vOEuMiJhvKj66O0OCq+w==",
      "os": ["win32"],
      "cpu": ["arm64"]
    },
    "@biomejs/cli-win32-x64@2.4.15": {
      "integrity": "sha512-zBrGq5mx5wwpnow4+2BxUvleDM+GNd4sLbPaMapsSLQLD0NGRCquqPBTgN+7XkUteHvj7M+BstuI8tmnV7+HgQ==",
      "os": ["win32"],
      "cpu": ["x64"]
    },
    "miniprogram-api-typings@5.2.1": {
      "integrity": "sha512-fbB2hapWx/vaXN4olDJEIS+OOkCjHlHLX0WG74XUJqhm0VJ8dpleBdgagHATjEpcbcH2z7AV8PjpwYp9dylfYA=="
    },
    "tdesign-miniprogram@1.15.1": {
      "integrity": "sha512-RTqsiNplYU3lLmpPFzIsT1WgfX226F8Xw6siWJ2B9iR1JYblMTxX6WniT0hl5vgS2J9lMYNjo06BIGPuGov2UA=="
    },
    "typescript@6.0.3": {
      "integrity": "sha512-y2TvuxSZPDyQakkFRPZHKFm+KKVqIisdg9/CZwm9ftvKXLP8NRWj38/ODjNbr43SsoXqNuAisEf1GdCxqWcdBw==",
      "bin": true
    }
  },
  "workspace": {
    "packageJson": {
      "dependencies": [
        "npm:@biomejs/biome@2.4.15",
        "npm:miniprogram-api-typings@^5.2.1",
        "npm:tdesign-miniprogram@^1.15.1",
        "npm:typescript@^6.0.3"
      ]
    }
  }
}
